
Microsoft Visual Studio Solution File, Format Version 12.00
# Visual Studio Version 16
VisualStudioVersion = 16.0.32630.194
MinimumVisualStudioVersion = 10.0.40219.1
Project("{FAE04EC0-301F-11D3-BF4B-00C04F79EFBC}") = "day32_01", "day32_01\day32_01.csproj", "{3F313A76-013F-4FD1-ADF4-CFE035221AFA}"
EndProject
Global
	GlobalSection(SolutionConfigurationPlatforms) = preSolution
		Debug|Any CPU = Debug|Any CPU
		Release|Any CPU = Release|Any CPU
	EndGlobalSection
	GlobalSection(ProjectConfigurationPlatforms) = postSolution
		{3F313A76-013F-4FD1-ADF4-CFE035221AFA}.Debug|Any CPU.ActiveCfg = Debug|Any CPU
		{3F313A76-013F-4FD1-ADF4-CFE035221AFA}.Debug|Any CPU.Build.0 = Debug|Any CPU
		{3F313A76-013F-4FD1-ADF4-CFE035221AFA}.Release|Any CPU.ActiveCfg = Release|Any CPU
		{3F313A76-013F-4FD1-ADF4-CFE035221AFA}.Release|Any CPU.Build.0 = Release|Any CPU
	EndGlobalSection
	GlobalSection(SolutionProperties) = preSolution
		HideSolutionNode = FALSE
	EndGlobalSection
	GlobalSection(ExtensibilityGlobals) = postSolution
		SolutionGuid = {046AF819-0ED7-4B58-BD16-8CB744903AAC}
	EndGlobalSection
EndGlobal
